// !$*UTF8*$!
{
	archiveVersion = 1;
	classes = {
	};
	objectVersion = 46;
	objects = {

/* Begin PBXBuildFile section */
		4B03795F1ECBFA1000BAE946 /* Fabric.framework in Frameworks */ = {isa = PBXBuildFile; fileRef = 4B03795B1ECBFA1000BAE946 /* Fabric.framework */; };
		4B0379601ECBFA1000BAE946 /* TwitterKit.framework in Frameworks */ = {isa = PBXBuildFile; fileRef = 4B03795C1ECBFA1000BAE946 /* TwitterKit.framework */; };
		4B0379611ECBFA1000BAE946 /* TwitterKitResources.bundle in Resources */ = {isa = PBXBuildFile; fileRef = 4B03795D1ECBFA1000BAE946 /* TwitterKitResources.bundle */; };
		4B0379621ECBFA1000BAE946 /* TwitterCore.framework in Frameworks */ = {isa = PBXBuildFile; fileRef = 4B03795E1ECBFA1000BAE946 /* TwitterCore.framework */; };
		4B14E0781ECAB668002DAA5B /* temp.txt in Resources */ = {isa = PBXBuildFile; fileRef = 4B14E0771ECAB668002DAA5B /* temp.txt */; };
		4B14E0791ECAB668002DAA5B /* temp.txt in Resources */ = {isa = PBXBuildFile; fileRef = 4B14E0771ECAB668002DAA5B /* temp.txt */; };
		4B14E07A1ECAB668002DAA5B /* temp.txt in Resources */ = {isa = PBXBuildFile; fileRef = 4B14E0771ECAB668002DAA5B /* temp.txt */; };
		4B14E07C1ECAB67E002DAA5B /* TableCell.swift in Sources */ = {isa = PBXBuildFile; fileRef = 4B14E07B1ECAB67E002DAA5B /* TableCell.swift */; };
		4B14E07D1ECAB67E002DAA5B /* TableCell.swift in Sources */ = {isa = PBXBuildFile; fileRef = 4B14E07B1ECAB67E002DAA5B /* TableCell.swift */; };
		4B14E07E1ECAB67E002DAA5B /* TableCell.swift in Sources */ = {isa = PBXBuildFile; fileRef = 4B14E07B1ECAB67E002DAA5B /* TableCell.swift */; };
		4B1792921EC95E5400142C96 /* Calendar.swift in Sources */ = {isa = PBXBuildFile; fileRef = 4B1792911EC95E5300142C96 /* Calendar.swift */; };
		4B3233811EC8E59C005B5675 /* Clubs.swift in Sources */ = {isa = PBXBuildFile; fileRef = 4B3233801EC8E59C005B5675 /* Clubs.swift */; };
		4B3233831EC8F90E005B5675 /* ASHorizontalScrollView.swift in Sources */ = {isa = PBXBuildFile; fileRef = 4B3233821EC8F90E005B5675 /* ASHorizontalScrollView.swift */; };
		4B4251D11EC7974900ED322B /* AppDelegate.swift in Sources */ = {isa = PBXBuildFile; fileRef = 4B4251D01EC7974900ED322B /* AppDelegate.swift */; };
		4B4251D31EC7974900ED322B /* ViewController.swift in Sources */ = {isa = PBXBuildFile; fileRef = 4B4251D21EC7974900ED322B /* ViewController.swift */; };
		4B4251D61EC7974900ED322B /* Main.storyboard in Resources */ = {isa = PBXBuildFile; fileRef = 4B4251D41EC7974900ED322B /* Main.storyboard */; };
		4B4251D81EC7974900ED322B /* Assets.xcassets in Resources */ = {isa = PBXBuildFile; fileRef = 4B4251D71EC7974900ED322B /* Assets.xcassets */; };
		4B4251DB1EC7974900ED322B /* LaunchScreen.storyboard in Resources */ = {isa = PBXBuildFile; fileRef = 4B4251D91EC7974900ED322B /* LaunchScreen.storyboard */; };
		4B4251E61EC7974900ED322B /* MHSSchool_app_v1_3Tests.swift in Sources */ = {isa = PBXBuildFile; fileRef = 4B4251E51EC7974900ED322B /* MHSSchool_app_v1_3Tests.swift */; };
		4B4251F11EC7974900ED322B /* MHSSchool_app_v1_3UITests.swift in Sources */ = {isa = PBXBuildFile; fileRef = 4B4251F01EC7974900ED322B /* MHSSchool_app_v1_3UITests.swift */; };
		4B4251FF1EC7979400ED322B /* Engrade.swift in Sources */ = {isa = PBXBuildFile; fileRef = 4B4251FE1EC7979400ED322B /* Engrade.swift */; };
		4B4252011EC798D900ED322B /* Sports.swift in Sources */ = {isa = PBXBuildFile; fileRef = 4B4252001EC798D900ED322B /* Sports.swift */; };
		4B4252031EC7C57D00ED322B /* Bell.swift in Sources */ = {isa = PBXBuildFile; fileRef = 4B4252021EC7C57D00ED322B /* Bell.swift */; };
		4B446CEC1ECFACCA0059B5BF /* Trio2.swift in Sources */ = {isa = PBXBuildFile; fileRef = 4B446CEB1ECFACCA0059B5BF /* Trio2.swift */; };
		4B446CEE1ECFB0190059B5BF /* Trio3.swift in Sources */ = {isa = PBXBuildFile; fileRef = 4B446CED1ECFB0190059B5BF /* Trio3.swift */; };
		4B446CF01ECFB0220059B5BF /* Trio4.swift in Sources */ = {isa = PBXBuildFile; fileRef = 4B446CEF1ECFB0220059B5BF /* Trio4.swift */; };
		4B446CF81ECFBA860059B5BF /* TableCell2.swift in Sources */ = {isa = PBXBuildFile; fileRef = 4B446CF71ECFBA860059B5BF /* TableCell2.swift */; };
		4BB86FF31ECF8AE400F44052 /* Trio.swift in Sources */ = {isa = PBXBuildFile; fileRef = 4BB86FF21ECF8AE400F44052 /* Trio.swift */; };
		4BC3F0C41ECABF6200F2E22E /* Faculty.swift in Sources */ = {isa = PBXBuildFile; fileRef = 4BC3F0C31ECABF6200F2E22E /* Faculty.swift */; };
		4BC3F0C61ECAC19000F2E22E /* clubs.txt in Resources */ = {isa = PBXBuildFile; fileRef = 4BC3F0C51ECAC19000F2E22E /* clubs.txt */; };
		4BC3F0C71ECAC19000F2E22E /* clubs.txt in Resources */ = {isa = PBXBuildFile; fileRef = 4BC3F0C51ECAC19000F2E22E /* clubs.txt */; };
		4BC3F0C81ECAC19000F2E22E /* clubs.txt in Resources */ = {isa = PBXBuildFile; fileRef = 4BC3F0C51ECAC19000F2E22E /* clubs.txt */; };
/* End PBXBuildFile section */

/* Begin PBXContainerItemProxy section */
		4B4251E21EC7974900ED322B /* PBXContainerItemProxy */ = {
			isa = PBXContainerItemProxy;
			containerPortal = 4B4251C51EC7974800ED322B /* Project object */;
			proxyType = 1;
			remoteGlobalIDString = 4B4251CC1EC7974900ED322B;
			remoteInfo = "MHSSchool app v1.3";
		};
		4B4251ED1EC7974900ED322B /* PBXContainerItemProxy */ = {
			isa = PBXContainerItemProxy;
			containerPortal = 4B4251C51EC7974800ED322B /* Project object */;
			proxyType = 1;
			remoteGlobalIDString = 4B4251CC1EC7974900ED322B;
			remoteInfo = "MHSSchool app v1.3";
		};
/* End PBXContainerItemProxy section */

/* Begin PBXFileReference section */
		4B03795B1ECBFA1000BAE946 /* Fabric.framework */ = {isa = PBXFileReference; lastKnownFileType = wrapper.framework; path = Fabric.framework; sourceTree = "<group>"; };
		4B03795C1ECBFA1000BAE946 /* TwitterKit.framework */ = {isa = PBXFileReference; lastKnownFileType = wrapper.framework; path = TwitterKit.framework; sourceTree = "<group>"; };
		4B03795D1ECBFA1000BAE946 /* TwitterKitResources.bundle */ = {isa = PBXFileReference; lastKnownFileType = "wrapper.plug-in"; path = TwitterKitResources.bundle; sourceTree = "<group>"; };
		4B03795E1ECBFA1000BAE946 /* TwitterCore.framework */ = {isa = PBXFileReference; lastKnownFileType = wrapper.framework; path = TwitterCore.framework; sourceTree = "<group>"; };
		4B14E0771ECAB668002DAA5B /* temp.txt */ = {isa = PBXFileReference; fileEncoding = 4; lastKnownFileType = text; path = temp.txt; sourceTree = "<group>"; };
		4B14E07B1ECAB67E002DAA5B /* TableCell.swift */ = {isa = PBXFileReference; fileEncoding = 4; lastKnownFileType = sourcecode.swift; path = TableCell.swift; sourceTree = "<group>"; };
		4B1792911EC95E5300142C96 /* Calendar.swift */ = {isa = PBXFileReference; fileEncoding = 4; lastKnownFileType = sourcecode.swift; path = Calendar.swift; sourceTree = "<group>"; };
		4B3233801EC8E59C005B5675 /* Clubs.swift */ = {isa = PBXFileReference; fileEncoding = 4; lastKnownFileType = sourcecode.swift; path = Clubs.swift; sourceTree = "<group>"; };
		4B3233821EC8F90E005B5675 /* ASHorizontalScrollView.swift */ = {isa = PBXFileReference; fileEncoding = 4; lastKnownFileType = sourcecode.swift; path = ASHorizontalScrollView.swift; sourceTree = "<group>"; };
		4B4251CD1EC7974900ED322B /* MHSSchool app v1.3.app */ = {isa = PBXFileReference; explicitFileType = wrapper.application; includeInIndex = 0; path = "MHSSchool app v1.3.app"; sourceTree = BUILT_PRODUCTS_DIR; };
		4B4251D01EC7974900ED322B /* AppDelegate.swift */ = {isa = PBXFileReference; lastKnownFileType = sourcecode.swift; path = AppDelegate.swift; sourceTree = "<group>"; };
		4B4251D21EC7974900ED322B /* ViewController.swift */ = {isa = PBXFileReference; lastKnownFileType = sourcecode.swift; path = ViewController.swift; sourceTree = "<group>"; };
		4B4251D51EC7974900ED322B /* Base */ = {isa = PBXFileReference; lastKnownFileType = file.storyboard; name = Base; path = Base.lproj/Main.storyboard; sourceTree = "<group>"; };
		4B4251D71EC7974900ED322B /* Assets.xcassets */ = {isa = PBXFileReference; lastKnownFileType = folder.assetcatalog; path = Assets.xcassets; sourceTree = "<group>"; };
		4B4251DA1EC7974900ED322B /* Base */ = {isa = PBXFileReference; lastKnownFileType = file.storyboard; name = Base; path = Base.lproj/LaunchScreen.storyboard; sourceTree = "<group>"; };
		4B4251DC1EC7974900ED322B /* Info.plist */ = {isa = PBXFileReference; lastKnownFileType = text.plist.xml; path = Info.plist; sourceTree = "<group>"; };
		4B4251E11EC7974900ED322B /* MHSSchool app v1.3Tests.xctest */ = {isa = PBXFileReference; explicitFileType = wrapper.cfbundle; includeInIndex = 0; path = "MHSSchool app v1.3Tests.xctest"; sourceTree = BUILT_PRODUCTS_DIR; };
		4B4251E51EC7974900ED322B /* MHSSchool_app_v1_3Tests.swift */ = {isa = PBXFileReference; lastKnownFileType = sourcecode.swift; path = MHSSchool_app_v1_3Tests.swift; sourceTree = "<group>"; };
		4B4251E71EC7974900ED322B /* Info.plist */ = {isa = PBXFileReference; lastKnownFileType = text.plist.xml; path = Info.plist; sourceTree = "<group>"; };
		4B4251EC1EC7974900ED322B /* MHSSchool app v1.3UITests.xctest */ = {isa = PBXFileReference; explicitFileType = wrapper.cfbundle; includeInIndex = 0; path = "MHSSchool app v1.3UITests.xctest"; sourceTree = BUILT_PRODUCTS_DIR; };
		4B4251F01EC7974900ED322B /* MHSSchool_app_v1_3UITests.swift */ = {isa = PBXFileReference; lastKnownFileType = sourcecode.swift; path = MHSSchool_app_v1_3UITests.swift; sourceTree = "<group>"; };
		4B4251F21EC7974900ED322B /* Info.plist */ = {isa = PBXFileReference; lastKnownFileType = text.plist.xml; path = Info.plist; sourceTree = "<group>"; };
		4B4251FE1EC7979400ED322B /* Engrade.swift */ = {isa = PBXFileReference; fileEncoding = 4; lastKnownFileType = sourcecode.swift; path = Engrade.swift; sourceTree = "<group>"; };
		4B4252001EC798D900ED322B /* Sports.swift */ = {isa = PBXFileReference; fileEncoding = 4; lastKnownFileType = sourcecode.swift; path = Sports.swift; sourceTree = "<group>"; };
		4B4252021EC7C57D00ED322B /* Bell.swift */ = {isa = PBXFileReference; fileEncoding = 4; lastKnownFileType = sourcecode.swift; path = Bell.swift; sourceTree = "<group>"; };
		4B446CEB1ECFACCA0059B5BF /* Trio2.swift */ = {isa = PBXFileReference; fileEncoding = 4; lastKnownFileType = sourcecode.swift; path = Trio2.swift; sourceTree = "<group>"; };
		4B446CED1ECFB0190059B5BF /* Trio3.swift */ = {isa = PBXFileReference; fileEncoding = 4; lastKnownFileType = sourcecode.swift; path = Trio3.swift; sourceTree = "<group>"; };
		4B446CEF1ECFB0220059B5BF /* Trio4.swift */ = {isa = PBXFileReference; fileEncoding = 4; lastKnownFileType = sourcecode.swift; path = Trio4.swift; sourceTree = "<group>"; };
		4B446CF71ECFBA860059B5BF /* TableCell2.swift */ = {isa = PBXFileReference; fileEncoding = 4; lastKnownFileType = sourcecode.swift; path = TableCell2.swift; sourceTree = "<group>"; };
		4BB86FF21ECF8AE400F44052 /* Trio.swift */ = {isa = PBXFileReference; fileEncoding = 4; lastKnownFileType = sourcecode.swift; path = Trio.swift; sourceTree = "<group>"; };
		4BC3F0C31ECABF6200F2E22E /* Faculty.swift */ = {isa = PBXFileReference; fileEncoding = 4; lastKnownFileType = sourcecode.swift; path = Faculty.swift; sourceTree = "<group>"; };
		4BC3F0C51ECAC19000F2E22E /* clubs.txt */ = {isa = PBXFileReference; fileEncoding = 4; lastKnownFileType = text; path = clubs.txt; sourceTree = "<group>"; };
/* End PBXFileReference section */

/* Begin PBXFrameworksBuildPhase section */
		4B4251CA1EC7974900ED322B /* Frameworks */ = {
			isa = PBXFrameworksBuildPhase;
			buildActionMask = 2147483647;
			files = (
				4B03795F1ECBFA1000BAE946 /* Fabric.framework in Frameworks */,
				4B0379621ECBFA1000BAE946 /* TwitterCore.framework in Frameworks */,
				4B0379601ECBFA1000BAE946 /* TwitterKit.framework in Frameworks */,
			);
			runOnlyForDeploymentPostprocessing = 0;
		};
		4B4251DE1EC7974900ED322B /* Frameworks */ = {
			isa = PBXFrameworksBuildPhase;
			buildActionMask = 2147483647;
			files = (
			);
			runOnlyForDeploymentPostprocessing = 0;
		};
		4B4251E91EC7974900ED322B /* Frameworks */ = {
			isa = PBXFrameworksBuildPhase;
			buildActionMask = 2147483647;
			files = (
			);
			runOnlyForDeploymentPostprocessing = 0;
		};
/* End PBXFrameworksBuildPhase section */

/* Begin PBXGroup section */
		4B4251C41EC7974800ED322B = {
			isa = PBXGroup;
			children = (
				4B4251CF1EC7974900ED322B /* MHSSchool app v1.3 */,
				4B4251E41EC7974900ED322B /* MHSSchool app v1.3Tests */,
				4B4251EF1EC7974900ED322B /* MHSSchool app v1.3UITests */,
				4B4251CE1EC7974900ED322B /* Products */,
			);
			sourceTree = "<group>";
		};
		4B4251CE1EC7974900ED322B /* Products */ = {
			isa = PBXGroup;
			children = (
				4B4251CD1EC7974900ED322B /* MHSSchool app v1.3.app */,
				4B4251E11EC7974900ED322B /* MHSSchool app v1.3Tests.xctest */,
				4B4251EC1EC7974900ED322B /* MHSSchool app v1.3UITests.xctest */,
			);
			name = Products;
			sourceTree = "<group>";
		};
		4B4251CF1EC7974900ED322B /* MHSSchool app v1.3 */ = {
			isa = PBXGroup;
			children = (
				4B03795B1ECBFA1000BAE946 /* Fabric.framework */,
				4B03795C1ECBFA1000BAE946 /* TwitterKit.framework */,
				4B03795D1ECBFA1000BAE946 /* TwitterKitResources.bundle */,
				4B03795E1ECBFA1000BAE946 /* TwitterCore.framework */,
				4B4251D01EC7974900ED322B /* AppDelegate.swift */,
				4B4251D21EC7974900ED322B /* ViewController.swift */,
				4B3233821EC8F90E005B5675 /* ASHorizontalScrollView.swift */,
				4B4251D41EC7974900ED322B /* Main.storyboard */,
				4B446CEB1ECFACCA0059B5BF /* Trio2.swift */,
				4B446CED1ECFB0190059B5BF /* Trio3.swift */,
				4B446CEF1ECFB0220059B5BF /* Trio4.swift */,
				4BB86FF21ECF8AE400F44052 /* Trio.swift */,
				4B3233801EC8E59C005B5675 /* Clubs.swift */,
				4B446CF71ECFBA860059B5BF /* TableCell2.swift */,
				4B4252001EC798D900ED322B /* Sports.swift */,
				4BC3F0C31ECABF6200F2E22E /* Faculty.swift */,
				4B14E0771ECAB668002DAA5B /* temp.txt */,
				4BC3F0C51ECAC19000F2E22E /* clubs.txt */,
				4B4251FE1EC7979400ED322B /* Engrade.swift */,
				4B4252021EC7C57D00ED322B /* Bell.swift */,
				4B1792911EC95E5300142C96 /* Calendar.swift */,
				4B14E07B1ECAB67E002DAA5B /* TableCell.swift */,
				4B4251D71EC7974900ED322B /* Assets.xcassets */,
				4B4251D91EC7974900ED322B /* LaunchScreen.storyboard */,
				4B4251DC1EC7974900ED322B /* Info.plist */,
			);
			path = "MHSSchool app v1.3";
			sourceTree = "<group>";
		};
		4B4251E41EC7974900ED322B /* MHSSchool app v1.3Tests */ = {
			isa = PBXGroup;
			children = (
				4B4251E51EC7974900ED322B /* MHSSchool_app_v1_3Tests.swift */,
				4B4251E71EC7974900ED322B /* Info.plist */,
			);
			path = "MHSSchool app v1.3Tests";
			sourceTree = "<group>";
		};
		4B4251EF1EC7974900ED322B /* MHSSchool app v1.3UITests */ = {
			isa = PBXGroup;
			children = (
				4B4251F01EC7974900ED322B /* MHSSchool_app_v1_3UITests.swift */,
				4B4251F21EC7974900ED322B /* Info.plist */,
			);
			path = "MHSSchool app v1.3UITests";
			sourceTree = "<group>";
		};
/* End PBXGroup section */

/* Begin PBXNativeTarget section */
		4B4251CC1EC7974900ED322B /* MHSSchool app v1.3 */ = {
			isa = PBXNativeTarget;
			buildConfigurationList = 4B4251F51EC7974900ED322B /* Build configuration list for PBXNativeTarget "MHSSchool app v1.3" */;
			buildPhases = (
				4B4251C91EC7974900ED322B /* Sources */,
				4B4251CA1EC7974900ED322B /* Frameworks */,
				4B4251CB1EC7974900ED322B /* Resources */,
				4B2048891ECBF843006C876B /* ShellScript */,
			);
			buildRules = (
			);
			dependencies = (
			);
			name = "MHSSchool app v1.3";
			productName = "MHSSchool app v1.3";
			productReference = 4B4251CD1EC7974900ED322B /* MHSSchool app v1.3.app */;
			productType = "com.apple.product-type.application";
		};
		4B4251E01EC7974900ED322B /* MHSSchool app v1.3Tests */ = {
			isa = PBXNativeTarget;
			buildConfigurationList = 4B4251F81EC7974900ED322B /* Build configuration list for PBXNativeTarget "MHSSchool app v1.3Tests" */;
			buildPhases = (
				4B4251DD1EC7974900ED322B /* Sources */,
				4B4251DE1EC7974900ED322B /* Frameworks */,
				4B4251DF1EC7974900ED322B /* Resources */,
			);
			buildRules = (
			);
			dependencies = (
				4B4251E31EC7974900ED322B /* PBXTargetDependency */,
			);
			name = "MHSSchool app v1.3Tests";
			productName = "MHSSchool app v1.3Tests";
			productReference = 4B4251E11EC7974900ED322B /* MHSSchool app v1.3Tests.xctest */;
			productType = "com.apple.product-type.bundle.unit-test";
		};
		4B4251EB1EC7974900ED322B /* MHSSchool app v1.3UITests */ = {
			isa = PBXNativeTarget;
			buildConfigurationList = 4B4251FB1EC7974900ED322B /* Build configuration list for PBXNativeTarget "MHSSchool app v1.3UITests" */;
			buildPhases = (
				4B4251E81EC7974900ED322B /* Sources */,
				4B4251E91EC7974900ED322B /* Frameworks */,
				4B4251EA1EC7974900ED322B /* Resources */,
			);
			buildRules = (
			);
			dependencies = (
				4B4251EE1EC7974900ED322B /* PBXTargetDependency */,
			);
			name = "MHSSchool app v1.3UITests";
			productName = "MHSSchool app v1.3UITests";
			productReference = 4B4251EC1EC7974900ED322B /* MHSSchool app v1.3UITests.xctest */;
			productType = "com.apple.product-type.bundle.ui-testing";
		};
/* End PBXNativeTarget section */

/* Begin PBXProject section */
		4B4251C51EC7974800ED322B /* Project object */ = {
			isa = PBXProject;
			attributes = {
				LastSwiftUpdateCheck = 0830;
				LastUpgradeCheck = 0830;
				ORGANIZATIONNAME = DasCO;
				TargetAttributes = {
					4B4251CC1EC7974900ED322B = {
						CreatedOnToolsVersion = 8.3;
						DevelopmentTeam = 3C4383262W;
						ProvisioningStyle = Automatic;
					};
					4B4251E01EC7974900ED322B = {
						CreatedOnToolsVersion = 8.3;
						ProvisioningStyle = Automatic;
						TestTargetID = 4B4251CC1EC7974900ED322B;
					};
					4B4251EB1EC7974900ED322B = {
						CreatedOnToolsVersion = 8.3;
						ProvisioningStyle = Automatic;
						TestTargetID = 4B4251CC1EC7974900ED322B;
					};
				};
			};
			buildConfigurationList = 4B4251C81EC7974800ED322B /* Build configuration list for PBXProject "MHSSchool app v1.3" */;
			compatibilityVersion = "Xcode 3.2";
			developmentRegion = English;
			hasScannedForEncodings = 0;
			knownRegions = (
				en,
				Base,
			);
			mainGroup = 4B4251C41EC7974800ED322B;
			productRefGroup = 4B4251CE1EC7974900ED322B /* Products */;
			projectDirPath = "";
			projectRoot = "";
			targets = (
				4B4251CC1EC7974900ED322B /* MHSSchool app v1.3 */,
				4B4251E01EC7974900ED322B /* MHSSchool app v1.3Tests */,
				4B4251EB1EC7974900ED322B /* MHSSchool app v1.3UITests */,
			);
		};
/* End PBXProject section */

/* Begin PBXResourcesBuildPhase section */
		4B4251CB1EC7974900ED322B /* Resources */ = {
			isa = PBXResourcesBuildPhase;
			buildActionMask = 2147483647;
			files = (
				4B14E0781ECAB668002DAA5B /* temp.txt in Resources */,
				4B4251DB1EC7974900ED322B /* LaunchScreen.storyboard in Resources */,
				4BC3F0C61ECAC19000F2E22E /* clubs.txt in Resources */,
				4B4251D81EC7974900ED322B /* Assets.xcassets in Resources */,
				4B0379611ECBFA1000BAE946 /* TwitterKitResources.bundle in Resources */,
				4B4251D61EC7974900ED322B /* Main.storyboard in Resources */,
			);
			runOnlyForDeploymentPostprocessing = 0;
		};
		4B4251DF1EC7974900ED322B /* Resources */ = {
			isa = PBXResourcesBuildPhase;
			buildActionMask = 2147483647;
			files = (
				4BC3F0C71ECAC19000F2E22E /* clubs.txt in Resources */,
				4B14E0791ECAB668002DAA5B /* temp.txt in Resources */,
			);
			runOnlyForDeploymentPostprocessing = 0;
		};
		4B4251EA1EC7974900ED322B /* Resources */ = {
			isa = PBXResourcesBuildPhase;
			buildActionMask = 2147483647;
			files = (
				4BC3F0C81ECAC19000F2E22E /* clubs.txt in Resources */,
				4B14E07A1ECAB668002DAA5B /* temp.txt in Resources */,
			);
			runOnlyForDeploymentPostprocessing = 0;
		};
/* End PBXResourcesBuildPhase section */

/* Begin PBXShellScriptBuildPhase section */
		4B2048891ECBF843006C876B /* ShellScript */ = {
			isa = PBXShellScriptBuildPhase;
			buildActionMask = 2147483647;
			files = (
			);
			inputPaths = (
			);
			outputPaths = (
			);
			runOnlyForDeploymentPostprocessing = 0;
			shellPath = /bin/sh;
			shellScript = "./Fabric.framework/run bda9604906c0e3c6b9946025782e0c5b950a7d78 a44464df65446d99a3a7398882bb95dd73127916c25e6e23c8ab2fb685b1e03f";
		};
/* End PBXShellScriptBuildPhase section */

/* Begin PBXSourcesBuildPhase section */
		4B4251C91EC7974900ED322B /* Sources */ = {
			isa = PBXSourcesBuildPhase;
			buildActionMask = 2147483647;
			files = (
				4B446CF01ECFB0220059B5BF /* Trio4.swift in Sources */,
				4B4251D31EC7974900ED322B /* ViewController.swift in Sources */,
				4B1792921EC95E5400142C96 /* Calendar.swift in Sources */,
				4B446CEC1ECFACCA0059B5BF /* Trio2.swift in Sources */,
				4B4251D11EC7974900ED322B /* AppDelegate.swift in Sources */,
				4B4252031EC7C57D00ED322B /* Bell.swift in Sources */,
				4BC3F0C41ECABF6200F2E22E /* Faculty.swift in Sources */,
				4B3233811EC8E59C005B5675 /* Clubs.swift in Sources */,
				4B446CEE1ECFB0190059B5BF /* Trio3.swift in Sources */,
				4BB86FF31ECF8AE400F44052 /* Trio.swift in Sources */,
				4B446CF81ECFBA860059B5BF /* TableCell2.swift in Sources */,
				4B14E07C1ECAB67E002DAA5B /* TableCell.swift in Sources */,
				4B4252011EC798D900ED322B /* Sports.swift in Sources */,
				4B4251FF1EC7979400ED322B /* Engrade.swift in Sources */,
				4B3233831EC8F90E005B5675 /* ASHorizontalScrollView.swift in Sources */,
			);
			runOnlyForDeploymentPostprocessing = 0;
		};
		4B4251DD1EC7974900ED322B /* Sources */ = {
			isa = PBXSourcesBuildPhase;
			buildActionMask = 2147483647;
			files = (
				4B14E07D1ECAB67E002DAA5B /* TableCell.swift in Sources */,
				4B4251E61EC7974900ED322B /* MHSSchool_app_v1_3Tests.swift in Sources */,
			);
			runOnlyForDeploymentPostprocessing = 0;
		};
		4B4251E81EC7974900ED322B /* Sources */ = {
			isa = PBXSourcesBuildPhase;
			buildActionMask = 2147483647;
			files = (
				4B14E07E1ECAB67E002DAA5B /* TableCell.swift in Sources */,
				4B4251F11EC7974900ED322B /* MHSSchool_app_v1_3UITests.swift in Sources */,
			);
			runOnlyForDeploymentPostprocessing = 0;
		};
/* End PBXSourcesBuildPhase section */

/* Begin PBXTargetDependency section */
		4B4251E31EC7974900ED322B /* PBXTargetDependency */ = {
			isa = PBXTargetDependency;
			target = 4B4251CC1EC7974900ED322B /* MHSSchool app v1.3 */;
			targetProxy = 4B4251E21EC7974900ED322B /* PBXContainerItemProxy */;
		};
		4B4251EE1EC7974900ED322B /* PBXTargetDependency */ = {
			isa = PBXTargetDependency;
			target = 4B4251CC1EC7974900ED322B /* MHSSchool app v1.3 */;
			targetProxy = 4B4251ED1EC7974900ED322B /* PBXContainerItemProxy */;
		};
/* End PBXTargetDependency section */

/* Begin PBXVariantGroup section */
		4B4251D41EC7974900ED322B /* Main.storyboard */ = {
			isa = PBXVariantGroup;
			children = (
				4B4251D51EC7974900ED322B /* Base */,
			);
			name = Main.storyboard;
			sourceTree = "<group>";
		};
		4B4251D91EC7974900ED322B /* LaunchScreen.storyboard */ = {
			isa = PBXVariantGroup;
			children = (
				4B4251DA1EC7974900ED322B /* Base */,
			);
			name = LaunchScreen.storyboard;
			sourceTree = "<group>";
		};
/* End PBXVariantGroup section */

/* Begin XCBuildConfiguration section */
		4B4251F31EC7974900ED322B /* Debug */ = {
			isa = XCBuildConfiguration;
			buildSettings = {
				ALWAYS_SEARCH_USER_PATHS = NO;
				CLANG_ANALYZER_NONNULL = YES;
				CLANG_ANALYZER_NUMBER_OBJECT_CONVERSION = YES_AGGRESSIVE;
				CLANG_CXX_LANGUAGE_STANDARD = "gnu++0x";
				CLANG_CXX_LIBRARY = "libc++";
				CLANG_ENABLE_MODULES = YES;
				CLANG_ENABLE_OBJC_ARC = YES;
				CLANG_WARN_BOOL_CONVERSION = YES;
				CLANG_WARN_CONSTANT_CONVERSION = YES;
				CLANG_WARN_DIRECT_OBJC_ISA_USAGE = YES_ERROR;
				CLANG_WARN_DOCUMENTATION_COMMENTS = YES;
				CLANG_WARN_EMPTY_BODY = YES;
				CLANG_WARN_ENUM_CONVERSION = YES;
				CLANG_WARN_INFINITE_RECURSION = YES;
				CLANG_WARN_INT_CONVERSION = YES;
				CLANG_WARN_OBJC_ROOT_CLASS = YES_ERROR;
				CLANG_WARN_SUSPICIOUS_MOVE = YES;
				CLANG_WARN_UNREACHABLE_CODE = YES;
				CLANG_WARN__DUPLICATE_METHOD_MATCH = YES;
				"CODE_SIGN_IDENTITY[sdk=iphoneos*]" = "iPhone Developer";
				COPY_PHASE_STRIP = NO;
				DEBUG_INFORMATION_FORMAT = dwarf;
				ENABLE_STRICT_OBJC_MSGSEND = YES;
				ENABLE_TESTABILITY = YES;
				GCC_C_LANGUAGE_STANDARD = gnu99;
				GCC_DYNAMIC_NO_PIC = NO;
				GCC_NO_COMMON_BLOCKS = YES;
				GCC_OPTIMIZATION_LEVEL = 0;
				GCC_PREPROCESSOR_DEFINITIONS = (
					"DEBUG=1",
					"$(inherited)",
				);
				GCC_WARN_64_TO_32_BIT_CONVERSION = YES;
				GCC_WARN_ABOUT_RETURN_TYPE = YES_ERROR;
				GCC_WARN_UNDECLARED_SELECTOR = YES;
				GCC_WARN_UNINITIALIZED_AUTOS = YES_AGGRESSIVE;
				GCC_WARN_UNUSED_FUNCTION = YES;
				GCC_WARN_UNUSED_VARIABLE = YES;
				IPHONEOS_DEPLOYMENT_TARGET = 10.3;
				MTL_ENABLE_DEBUG_INFO = YES;
				ONLY_ACTIVE_ARCH = YES;
				SDKROOT = iphoneos;
				SWIFT_ACTIVE_COMPILATION_CONDITIONS = DEBUG;
				SWIFT_OPTIMIZATION_LEVEL = "-Onone";
			};
			name = Debug;
		};
		4B4251F41EC7974900ED322B /* Release */ = {
			isa = XCBuildConfiguration;
			buildSettings = {
				ALWAYS_SEARCH_USER_PATHS = NO;
				CLANG_ANALYZER_NONNULL = YES;
				CLANG_ANALYZER_NUMBER_OBJECT_CONVERSION = YES_AGGRESSIVE;
				CLANG_CXX_LANGUAGE_STANDARD = "gnu++0x";
				CLANG_CXX_LIBRARY = "libc++";
				CLANG_ENABLE_MODULES = YES;
				CLANG_ENABLE_OBJC_ARC = YES;
				CLANG_WARN_BOOL_CONVERSION = YES;
				CLANG_WARN_CONSTANT_CONVERSION = YES;
				CLANG_WARN_DIRECT_OBJC_ISA_USAGE = YES_ERROR;
				CLANG_WARN_DOCUMENTATION_COMMENTS = YES;
				CLANG_WARN_EMPTY_BODY = YES;
				CLANG_WARN_ENUM_CONVERSION = YES;
				CLANG_WARN_INFINITE_RECURSION = YES;
				CLANG_WARN_INT_CONVERSION = YES;
				CLANG_WARN_OBJC_ROOT_CLASS = YES_ERROR;
				CLANG_WARN_SUSPICIOUS_MOVE = YES;
				CLANG_WARN_UNREACHABLE_CODE = YES;
				CLANG_WARN__DUPLICATE_METHOD_MATCH = YES;
				"CODE_SIGN_IDENTITY[sdk=iphoneos*]" = "iPhone Developer";
				COPY_PHASE_STRIP = NO;
				DEBUG_INFORMATION_FORMAT = "dwarf-with-dsym";
				ENABLE_NS_ASSERTIONS = NO;
				ENABLE_STRICT_OBJC_MSGSEND = YES;
				GCC_C_LANGUAGE_STANDARD = gnu99;
				GCC_NO_COMMON_BLOCKS = YES;
				GCC_WARN_64_TO_32_BIT_CONVERSION = YES;
				GCC_WARN_ABOUT_RETURN_TYPE = YES_ERROR;
				GCC_WARN_UNDECLARED_SELECTOR = YES;
				GCC_WARN_UNINITIALIZED_AUTOS = YES_AGGRESSIVE;
				GCC_WARN_UNUSED_FUNCTION = YES;
				GCC_WARN_UNUSED_VARIABLE = YES;
				IPHONEOS_DEPLOYMENT_TARGET = 10.3;
				MTL_ENABLE_DEBUG_INFO = NO;
				SDKROOT = iphoneos;
				SWIFT_OPTIMIZATION_LEVEL = "-Owholemodule";
				VALIDATE_PRODUCT = YES;
			};
			name = Release;
		};
		4B4251F61EC7974900ED322B /* Debug */ = {
			isa = XCBuildConfiguration;
			buildSettings = {
				ASSETCATALOG_COMPILER_APPICON_NAME = "AppIcon-1";
				DEVELOPMENT_TEAM = 3C4383262W;
				FRAMEWORK_SEARCH_PATHS = (
					"$(inherited)",
					"$(PROJECT_DIR)/MHSSchool\\ app\\ v1.3",
					"$(PROJECT_DIR)/MHSSchool\\ app\\ v1.3",
					"$(PROJECT_DIR)/MHSSchool\\ app\\ v1.3",
				);
				INFOPLIST_FILE = "MHSSchool app v1.3/Info.plist";
				IPHONEOS_DEPLOYMENT_TARGET = 9.0;
				LD_RUNPATH_SEARCH_PATHS = "$(inherited) @executable_path/Frameworks";
				PRODUCT_BUNDLE_IDENTIFIER = com.ViraatDas.MorgantownHigh;
				PRODUCT_NAME = "$(TARGET_NAME)";
				SWIFT_VERSION = 3.0;
			};
			name = Debug;
		};
		4B4251F71EC7974900ED322B /* Release */ = {
			isa = XCBuildConfiguration;
			buildSettings = {
				ASSETCATALOG_COMPILER_APPICON_NAME = "AppIcon-1";
				DEVELOPMENT_TEAM = 3C4383262W;
				FRAMEWORK_SEARCH_PATHS = (
					"$(inherited)",
					"$(PROJECT_DIR)/MHSSchool\\ app\\ v1.3",
					"$(PROJECT_DIR)/MHSSchool\\ app\\ v1.3",
					"$(PROJECT_DIR)/MHSSchool\\ app\\ v1.3",
				);
				INFOPLIST_FILE = "MHSSchool app v1.3/Info.plist";
				IPHONEOS_DEPLOYMENT_TARGET = 9.0;
				LD_RUNPATH_SEARCH_PATHS = "$(inherited) @executable_path/Frameworks";
				PRODUCT_BUNDLE_IDENTIFIER = com.ViraatDas.MorgantownHigh;
				PRODUCT_NAME = "$(TARGET_NAME)";
				SWIFT_VERSION = 3.0;
			};
			name = Release;
		};
		4B4251F91EC7974900ED322B /* Debug */ = {
			isa = XCBuildConfiguration;
			buildSettings = {
				ALWAYS_EMBED_SWIFT_STANDARD_LIBRARIES = YES;
				BUNDLE_LOADER = "$(TEST_HOST)";
				INFOPLIST_FILE = "MHSSchool app v1.3Tests/Info.plist";
				LD_RUNPATH_SEARCH_PATHS = "$(inherited) @executable_path/Frameworks @loader_path/Frameworks";
				PRODUCT_BUNDLE_IDENTIFIER = "Viraat-Das.MHSSchool-app-v1-3Tests";
				PRODUCT_NAME = "$(TARGET_NAME)";
				SWIFT_VERSION = 3.0;
				TEST_HOST = "$(BUILT_PRODUCTS_DIR)/MHSSchool app v1.3.app/MHSSchool app v1.3";
			};
			name = Debug;
		};
		4B4251FA1EC7974900ED322B /* Release */ = {
			isa = XCBuildConfiguration;
			buildSettings = {
				ALWAYS_EMBED_SWIFT_STANDARD_LIBRARIES = YES;
				BUNDLE_LOADER = "$(TEST_HOST)";
				INFOPLIST_FILE = "MHSSchool app v1.3Tests/Info.plist";
				LD_RUNPATH_SEARCH_PATHS = "$(inherited) @executable_path/Frameworks @loader_path/Frameworks";
				PRODUCT_BUNDLE_IDENTIFIER = "Viraat-Das.MHSSchool-app-v1-3Tests";
				PRODUCT_NAME = "$(TARGET_NAME)";
				SWIFT_VERSION = 3.0;
				TEST_HOST = "$(BUILT_PRODUCTS_DIR)/MHSSchool app v1.3.app/MHSSchool app v1.3";
			};
			name = Release;
		};
		4B4251FC1EC7974900ED322B /* Debug */ = {
			isa = XCBuildConfiguration;
			buildSettings = {
				ALWAYS_EMBED_SWIFT_STANDARD_LIBRARIES = YES;
				INFOPLIST_FILE = "MHSSchool app v1.3UITests/Info.plist";
				LD_RUNPATH_SEARCH_PATHS = "$(inherited) @executable_path/Frameworks @loader_path/Frameworks";
				PRODUCT_BUNDLE_IDENTIFIER = "Viraat-Das.MHSSchool-app-v1-3UITests";
				PRODUCT_NAME = "$(TARGET_NAME)";
				SWIFT_VERSION = 3.0;
				TEST_TARGET_NAME = "MHSSchool app v1.3";
			};
			name = Debug;
		};
		4B4251FD1EC7974900ED322B /* Release */ = {
			isa = XCBuildConfiguration;
			buildSettings = {
				ALWAYS_EMBED_SWIFT_STANDARD_LIBRARIES = YES;
				INFOPLIST_FILE = "MHSSchool app v1.3UITests/Info.plist";
				LD_RUNPATH_SEARCH_PATHS = "$(inherited) @executable_path/Frameworks @loader_path/Frameworks";
				PRODUCT_BUNDLE_IDENTIFIER = "Viraat-Das.MHSSchool-app-v1-3UITests";
				PRODUCT_NAME = "$(TARGET_NAME)";
				SWIFT_VERSION = 3.0;
				TEST_TARGET_NAME = "MHSSchool app v1.3";
			};
			name = Release;
		};
/* End XCBuildConfiguration section */

/* Begin XCConfigurationList section */
		4B4251C81EC7974800ED322B /* Build configuration list for PBXProject "MHSSchool app v1.3" */ = {
			isa = XCConfigurationList;
			buildConfigurations = (
				4B4251F31EC7974900ED322B /* Debug */,
				4B4251F41EC7974900ED322B /* Release */,
			);
			defaultConfigurationIsVisible = 0;
			defaultConfigurationName = Release;
		};
		4B4251F51EC7974900ED322B /* Build configuration list for PBXNativeTarget "MHSSchool app v1.3" */ = {
			isa = XCConfigurationList;
			buildConfigurations = (
				4B4251F61EC7974900ED322B /* Debug */,
				4B4251F71EC7974900ED322B /* Release */,
			);
			defaultConfigurationIsVisible = 0;
			defaultConfigurationName = Release;
		};
		4B4251F81EC7974900ED322B /* Build configuration list for PBXNativeTarget "MHSSchool app v1.3Tests" */ = {
			isa = XCConfigurationList;
			buildConfigurations = (
				4B4251F91EC7974900ED322B /* Debug */,
				4B4251FA1EC7974900ED322B /* Release */,
			);
			defaultConfigurationIsVisible = 0;
			defaultConfigurationName = Release;
		};
		4B4251FB1EC7974900ED322B /* Build configuration list for PBXNativeTarget "MHSSchool app v1.3UITests" */ = {
			isa = XCConfigurationList;
			buildConfigurations = (
				4B4251FC1EC7974900ED322B /* Debug */,
				4B4251FD1EC7974900ED322B /* Release */,
			);
			defaultConfigurationIsVisible = 0;
			defaultConfigurationName = Release;
		};
/* End XCConfigurationList section */
	};
	rootObject = 4B4251C51EC7974800ED322B /* Project object */;
}
